
Microsoft Visual Studio Solution File, Format Version 12.00
# Blend for Visual Studio Version 16
VisualStudioVersion = 16.0.30717.126
MinimumVisualStudioVersion = 10.0.40219.1
Project("{FAE04EC0-301F-11D3-BF4B-00C04F79EFBC}") = "Expert Antivirus", "Expert Antivirus\Expert Antivirus.csproj", "{8E2140B1-2679-4EC2-BECF-FC817E684D5D}"
EndProject
Global
	GlobalSection(SolutionConfigurationPlatforms) = preSolution
		Debug|Any CPU = Debug|Any CPU
		Release|Any CPU = Release|Any CPU
	EndGlobalSection
	GlobalSection(ProjectConfigurationPlatforms) = postSolution
		{8E2140B1-2679-4EC2-BECF-FC817E684D5D}.Debug|Any CPU.ActiveCfg = Debug|Any CPU
		{8E2140B1-2679-4EC2-BECF-FC817E684D5D}.Debug|Any CPU.Build.0 = Debug|Any CPU
		{8E2140B1-2679-4EC2-BECF-FC817E684D5D}.Release|Any CPU.ActiveCfg = Release|Any CPU
		{8E2140B1-2679-4EC2-BECF-FC817E684D5D}.Release|Any CPU.Build.0 = Release|Any CPU
	EndGlobalSection
	GlobalSection(SolutionProperties) = preSolution
		HideSolutionNode = FALSE
	EndGlobalSection
	GlobalSection(ExtensibilityGlobals) = postSolution
		SolutionGuid = {11DC1D03-F676-4BCC-B101-9E4F402B3E88}
	EndGlobalSection
EndGlobal
